{
  "name": "@rrffaa/testdep2",
  "version": "1.0.0",
  "lockfileVersion": 1,
  "requires": true,
  "dependencies": {
    "testdep1": {
      "version": "1.0.1",
      "resolved": "https://registry.npmjs.org/testdep1/-/testdep1-1.0.1.tgz",
      "integrity": "sha1-97ZoXBmgfxo4Q6t8UGbJN4hOTe8="
    }
  }
}
